
Microsoft Visual Studio Solution File, Format Version 12.00
# Visual Studio Version 17
VisualStudioVersion = 17.4.33122.133
MinimumVisualStudioVersion = 10.0.40219.1
Project("{9A19103F-16F7-4668-BE54-9A1E7A4F7556}") = "Snapdragon", "Snapdragon\Snapdragon.csproj", "{7FED07E4-6BC0-44A6-89F2-3EE695063A1F}"
EndProject
Project("{9A19103F-16F7-4668-BE54-9A1E7A4F7556}") = "Snapdragon.Tests", "Snapdragon.Tests\Snapdragon.Tests.csproj", "{8C53E40C-7827-4A87-8F5E-CC734DFFC900}"
EndProject
Project("{9A19103F-16F7-4668-BE54-9A1E7A4F7556}") = "Snapdragon.Runner", "Snapdragon.Runner\Snapdragon.Runner.csproj", "{98288B9D-6CA9-42DB-84E7-0D61369C48EA}"
EndProject
Project("{2150E333-8FDC-42A3-9474-1A3956D46DE8}") = "Solution Items", "Solution Items", "{4F417B19-F3F2-48CA-8A1A-03E73E75F469}"
	ProjectSection(SolutionItems) = preProject
		README.md = README.md
	EndProjectSection
EndProject
Project("{9A19103F-16F7-4668-BE54-9A1E7A4F7556}") = "Snapdragon.Postgresql", "Snapdragon.Postgresql\Snapdragon.Postgresql.csproj", "{97714133-0E19-4869-A7ED-5EB0A3071C5A}"
EndProject
Project("{9A19103F-16F7-4668-BE54-9A1E7A4F7556}") = "Snapdragon.Postgresql.Tests", "Snapdragon.Postgresql.Tests\Snapdragon.Postgresql.Tests.csproj", "{6019042C-9A97-4C4F-92AD-7953DEC6AB85}"
EndProject
Project("{9A19103F-16F7-4668-BE54-9A1E7A4F7556}") = "Snapdragon.Api", "Snapdragon.Api\Snapdragon.Api.csproj", "{B401719D-B9EA-440E-8379-F5B4103633A2}"
EndProject
Project("{2150E333-8FDC-42A3-9474-1A3956D46DE8}") = "Tests", "Tests", "{BCEC9AD7-0740-4026-A542-C98FA62CE614}"
EndProject
Global
	GlobalSection(SolutionConfigurationPlatforms) = preSolution
		Debug|Any CPU = Debug|Any CPU
		Release|Any CPU = Release|Any CPU
	EndGlobalSection
	GlobalSection(ProjectConfigurationPlatforms) = postSolution
		{7FED07E4-6BC0-44A6-89F2-3EE695063A1F}.Debug|Any CPU.ActiveCfg = Debug|Any CPU
		{7FED07E4-6BC0-44A6-89F2-3EE695063A1F}.Debug|Any CPU.Build.0 = Debug|Any CPU
		{7FED07E4-6BC0-44A6-89F2-3EE695063A1F}.Release|Any CPU.ActiveCfg = Release|Any CPU
		{7FED07E4-6BC0-44A6-89F2-3EE695063A1F}.Release|Any CPU.Build.0 = Release|Any CPU
		{8C53E40C-7827-4A87-8F5E-CC734DFFC900}.Debug|Any CPU.ActiveCfg = Debug|Any CPU
		{8C53E40C-7827-4A87-8F5E-CC734DFFC900}.Debug|Any CPU.Build.0 = Debug|Any CPU
		{8C53E40C-7827-4A87-8F5E-CC734DFFC900}.Release|Any CPU.ActiveCfg = Release|Any CPU
		{8C53E40C-7827-4A87-8F5E-CC734DFFC900}.Release|Any CPU.Build.0 = Release|Any CPU
		{98288B9D-6CA9-42DB-84E7-0D61369C48EA}.Debug|Any CPU.ActiveCfg = Debug|Any CPU
		{98288B9D-6CA9-42DB-84E7-0D61369C48EA}.Debug|Any CPU.Build.0 = Debug|Any CPU
		{98288B9D-6CA9-42DB-84E7-0D61369C48EA}.Release|Any CPU.ActiveCfg = Release|Any CPU
		{98288B9D-6CA9-42DB-84E7-0D61369C48EA}.Release|Any CPU.Build.0 = Release|Any CPU
		{97714133-0E19-4869-A7ED-5EB0A3071C5A}.Debug|Any CPU.ActiveCfg = Debug|Any CPU
		{97714133-0E19-4869-A7ED-5EB0A3071C5A}.Debug|Any CPU.Build.0 = Debug|Any CPU
		{97714133-0E19-4869-A7ED-5EB0A3071C5A}.Release|Any CPU.ActiveCfg = Release|Any CPU
		{97714133-0E19-4869-A7ED-5EB0A3071C5A}.Release|Any CPU.Build.0 = Release|Any CPU
		{6019042C-9A97-4C4F-92AD-7953DEC6AB85}.Debug|Any CPU.ActiveCfg = Debug|Any CPU
		{6019042C-9A97-4C4F-92AD-7953DEC6AB85}.Debug|Any CPU.Build.0 = Debug|Any CPU
		{6019042C-9A97-4C4F-92AD-7953DEC6AB85}.Release|Any CPU.ActiveCfg = Release|Any CPU
		{6019042C-9A97-4C4F-92AD-7953DEC6AB85}.Release|Any CPU.Build.0 = Release|Any CPU
		{B401719D-B9EA-440E-8379-F5B4103633A2}.Debug|Any CPU.ActiveCfg = Debug|Any CPU
		{B401719D-B9EA-440E-8379-F5B4103633A2}.Debug|Any CPU.Build.0 = Debug|Any CPU
		{B401719D-B9EA-440E-8379-F5B4103633A2}.Release|Any CPU.ActiveCfg = Release|Any CPU
		{B401719D-B9EA-440E-8379-F5B4103633A2}.Release|Any CPU.Build.0 = Release|Any CPU
	EndGlobalSection
	GlobalSection(SolutionProperties) = preSolution
		HideSolutionNode = FALSE
	EndGlobalSection
	GlobalSection(NestedProjects) = preSolution
		{8C53E40C-7827-4A87-8F5E-CC734DFFC900} = {BCEC9AD7-0740-4026-A542-C98FA62CE614}
		{6019042C-9A97-4C4F-92AD-7953DEC6AB85} = {BCEC9AD7-0740-4026-A542-C98FA62CE614}
	EndGlobalSection
	GlobalSection(ExtensibilityGlobals) = postSolution
		SolutionGuid = {0FDE763B-256F-44E3-9F50-0FF51275883B}
	EndGlobalSection
EndGlobal
