
Microsoft Visual Studio Solution File, Format Version 12.00
# Visual Studio Version 17
VisualStudioVersion = 17.4.33122.133
MinimumVisualStudioVersion = 10.0.40219.1
Project("{9A19103F-16F7-4668-BE54-9A1E7A4F7556}") = "Snapdragon", "Snapdragon\Snapdragon.csproj", "{7FED07E4-6BC0-44A6-89F2-3EE695063A1F}"
EndProject
Project("{9A19103F-16F7-4668-BE54-9A1E7A4F7556}") = "Snapdragon.Tests", "Snapdragon.Tests\Snapdragon.Tests.csproj", "{8C53E40C-7827-4A87-8F5E-CC734DFFC900}"
EndProject
Project("{FAE04EC0-301F-11D3-BF4B-00C04F79EFBC}") = "Snapdragon.Runner", "Snapdragon.Runner\Snapdragon.Runner.csproj", "{98288B9D-6CA9-42DB-84E7-0D61369C48EA}"
EndProject
Global
	GlobalSection(SolutionConfigurationPlatforms) = preSolution
		Debug|Any CPU = Debug|Any CPU
		Release|Any CPU = Release|Any CPU
	EndGlobalSection
	GlobalSection(ProjectConfigurationPlatforms) = postSolution
		{7FED07E4-6BC0-44A6-89F2-3EE695063A1F}.Debug|Any CPU.ActiveCfg = Debug|Any CPU
		{7FED07E4-6BC0-44A6-89F2-3EE695063A1F}.Debug|Any CPU.Build.0 = Debug|Any CPU
		{7FED07E4-6BC0-44A6-89F2-3EE695063A1F}.Release|Any CPU.ActiveCfg = Release|Any CPU
		{7FED07E4-6BC0-44A6-89F2-3EE695063A1F}.Release|Any CPU.Build.0 = Release|Any CPU
		{8C53E40C-7827-4A87-8F5E-CC734DFFC900}.Debug|Any CPU.ActiveCfg = Debug|Any CPU
		{8C53E40C-7827-4A87-8F5E-CC734DFFC900}.Debug|Any CPU.Build.0 = Debug|Any CPU
		{8C53E40C-7827-4A87-8F5E-CC734DFFC900}.Release|Any CPU.ActiveCfg = Release|Any CPU
		{8C53E40C-7827-4A87-8F5E-CC734DFFC900}.Release|Any CPU.Build.0 = Release|Any CPU
		{98288B9D-6CA9-42DB-84E7-0D61369C48EA}.Debug|Any CPU.ActiveCfg = Debug|Any CPU
		{98288B9D-6CA9-42DB-84E7-0D61369C48EA}.Debug|Any CPU.Build.0 = Debug|Any CPU
		{98288B9D-6CA9-42DB-84E7-0D61369C48EA}.Release|Any CPU.ActiveCfg = Release|Any CPU
		{98288B9D-6CA9-42DB-84E7-0D61369C48EA}.Release|Any CPU.Build.0 = Release|Any CPU
	EndGlobalSection
	GlobalSection(SolutionProperties) = preSolution
		HideSolutionNode = FALSE
	EndGlobalSection
	GlobalSection(ExtensibilityGlobals) = postSolution
		SolutionGuid = {0FDE763B-256F-44E3-9F50-0FF51275883B}
	EndGlobalSection
EndGlobal
